{
  "name": "nogirem",
  "version": "0.4.2",
  "lockfileVersion": 3,
  "requires": true,
  "packages": {
    "": {
      "name": "nogirem",
      "version": "0.4.2",
      "devDependencies": {
        "adm-zip": "^0.6.1",
        "ffi-rs": "^1.3.4",
        "koffi": "^3.2.0"
      },
      "engines": {
        "node": ">=20"
      }
    },
    "node_modules/@koromix/koffi-darwin-arm64": {
      "version": "3.2.0",
      "resolved": "https://registry.npmjs.org/@koromix/koffi-darwin-arm64/-/koffi-darwin-arm64-3.2.0.tgz",
      "integrity": "sha512-UfIfdmrUYBBC56jq+6rlyUCKGPiA2XnXTTzp5S1jXeDkXFdc2Sg8C1Zj/fi7XM0e6CgA416i3GsuE5oKfe0FZw==",
      "cpu": [
        "arm64"
      ],
      "dev": true,
      "license": "MIT",
      "optional": true,
      "os": [
        "darwin"
      ],
      "funding": {
        "url": "https://liberapay.com/Koromix"
      }
    },
    "node_modules/@koromix/koffi-darwin-x64": {
      "version": "3.2.0",
      "resolved": "https://registry.npmjs.org/@koromix/koffi-darwin-x64/-/koffi-darwin-x64-3.2.0.tgz",
      "integrity": "sha512-kTT+DOP9ymb8LCoJQrs5tvm6NWGbrqcGNdhlnZL+BndHOCoaYl7xzCzFmlKpAsS3Y1Uvyr2znrut/b+7wOuiOg==",
      "cpu": [
        "x64"
      ],
      "dev": true,
      "license": "MIT",
      "optional": true,
      "os": [
        "darwin"
      ],
      "funding": {
        "url": "https://liberapay.com/Koromix"
      }
    },
    "node_modules/@koromix/koffi-freebsd-arm64": {
      "version": "3.2.0",
      "resolved": "https://registry.npmjs.org/@koromix/koffi-freebsd-arm64/-/koffi-freebsd-arm64-3.2.0.tgz",
      "integrity": "sha512-NxM8Lv8IHfuWxxtTzjz81haUFdraFVEe0aB6YN7c66tsyXMvbUiB5sbBDfjPa1NeMEBDhfFj3gGmawxY3i+93w==",
      "cpu": [
        "arm64"
      ],
      "dev": true,
      "license": "MIT",
      "optional": true,
      "os": [
        "freebsd"
      ],
      "funding": {
        "url": "https://liberapay.com/Koromix"
      }
    },
    "node_modules/@koromix/koffi-freebsd-ia32": {
      "version": "3.2.0",
      "resolved": "https://registry.npmjs.org/@koromix/koffi-freebsd-ia32/-/koffi-freebsd-ia32-3.2.0.tgz",
      "integrity": "sha512-iOvIomlKzHgx29TgSJiACX5u48mWx+eEjkKcNZbD7mY/9K0YJ0/PtbqCO91RavdzTJakvDk8yImTEIml+xfBUg==",
      "cpu": [
        "ia32"
      ],
      "dev": true,
      "license": "MIT",
      "optional": true,
      "os": [
        "freebsd"
      ],
      "funding": {
        "url": "https://liberapay.com/Koromix"
      }
    },
    "node_modules/@koromix/koffi-freebsd-x64": {
      "version": "3.2.0",
      "resolved": "https://registry.npmjs.org/@koromix/koffi-freebsd-x64/-/koffi-freebsd-x64-3.2.0.tgz",
      "integrity": "sha512-6yPK5X7/pRvhU/mSynNNCC3PCHKmbBmwJsCmg4C9Gi14oCzkahGxxFUhs/4KjblyPh/EnT5dGnc46Zo7rW1aeg==",
      "cpu": [
        "x64"
      ],
      "dev": true,
      "license": "MIT",
      "optional": true,
      "os": [
        "freebsd"
      ],
      "funding": {
        "url": "https://liberapay.com/Koromix"
      }
    },
    "node_modules/@koromix/koffi-linux-arm": {
      "version": "3.2.0",
      "resolved": "https://registry.npmjs.org/@koromix/koffi-linux-arm/-/koffi-linux-arm-3.2.0.tgz",
      "integrity": "sha512-6wNoA20K9UWVFesLUBpvh8NOT92HAYGtjWae65B2Xb7QSvU5reg7jd01xjRqaacNGwj5xeJ60UWFAGUOsVo9MQ==",
      "cpu": [
        "arm"
      ],
      "dev": true,
      "license": "MIT",
      "optional": true,
      "os": [
        "linux"
      ],
      "funding": {
        "url": "https://liberapay.com/Koromix"
      }
    },
    "node_modules/@koromix/koffi-linux-arm64": {
      "version": "3.2.0",
      "resolved": "https://registry.npmjs.org/@koromix/koffi-linux-arm64/-/koffi-linux-arm64-3.2.0.tgz",
      "integrity": "sha512-1zgAIK9KG7PY/eWOHnYrmGQh8VHBF9AzFee8PH7YWCJK1iE/cmKt2sctOlDeNBkKzvUpmaMz3LSgg66f15Xklg==",
      "cpu": [
        "arm64"
      ],
      "dev": true,
      "license": "MIT",
      "optional": true,
      "os": [
        "linux"
      ],
      "funding": {
        "url": "https://liberapay.com/Koromix"
      }
    },
    "node_modules/@koromix/koffi-linux-ia32": {
      "version": "3.2.0",
      "resolved": "https://registry.npmjs.org/@koromix/koffi-linux-ia32/-/koffi-linux-ia32-3.2.0.tgz",
      "integrity": "sha512-dnK7II/P6408YDxylLmxgrbzGhL3w3P+AjN5HEimm//elO5e5LJl3VXi+u3Lrvfov5cHlnVwN8X4qIqchi0qTA==",
      "cpu": [
        "ia32"
      ],
      "dev": true,
      "license": "MIT",
      "optional": true,
      "os": [
        "linux"
      ],
      "funding": {
        "url": "https://liberapay.com/Koromix"
      }
    },
    "node_modules/@koromix/koffi-linux-loong64": {
      "version": "3.2.0",
      "resolved": "https://registry.npmjs.org/@koromix/koffi-linux-loong64/-/koffi-linux-loong64-3.2.0.tgz",
      "integrity": "sha512-5gRWmjyldyl/0NaL3jxVRdN6u79i4krIpyHCICq+leoiez91ycZe+Vsq6Y4AbzcZ+mK4iNf4q4QCwvBAX5+ejg==",
      "cpu": [
        "loong64"
      ],
      "dev": true,
      "license": "MIT",
      "optional": true,
      "os": [
        "linux"
      ],
      "funding": {
        "url": "https://liberapay.com/Koromix"
      }
    },
    "node_modules/@koromix/koffi-linux-riscv64": {
      "version": "3.2.0",
      "resolved": "https://registry.npmjs.org/@koromix/koffi-linux-riscv64/-/koffi-linux-riscv64-3.2.0.tgz",
      "integrity": "sha512-nSnQ8o0NLn8ttOrdLad17xZu4iYeX/Ps7wAnvi9kxGve4pxOAwY6N7MLwSUHP2fZXi74ognY0uN2lRObOp1j2Q==",
      "cpu": [
        "riscv64"
      ],
      "dev": true,
      "license": "MIT",
      "optional": true,
      "os": [
        "linux"
      ],
      "funding": {
        "url": "https://liberapay.com/Koromix"
      }
    },
    "node_modules/@koromix/koffi-linux-x64": {
      "version": "3.2.0",
      "resolved": "https://registry.npmjs.org/@koromix/koffi-linux-x64/-/koffi-linux-x64-3.2.0.tgz",
      "integrity": "sha512-EWd0IQDzUUlxkNt7Sx9qPpGVvPTfqqqI7LCdocpjkxrARyguYGOPGJv3goSvoz3e95AyOZeojTlPKyqioAB5Ow==",
      "cpu": [
        "x64"
      ],
      "dev": true,
      "license": "MIT",
      "optional": true,
      "os": [
        "linux"
      ],
      "funding": {
        "url": "https://liberapay.com/Koromix"
      }
    },
    "node_modules/@koromix/koffi-openbsd-ia32": {
      "version": "3.2.0",
      "resolved": "https://registry.npmjs.org/@koromix/koffi-openbsd-ia32/-/koffi-openbsd-ia32-3.2.0.tgz",
      "integrity": "sha512-oUQzB56M1hMgkqelSpkJZKaQFrsAi19qwHI0xBwTLXHpX2HTZee92sF6fsxQIg7VD2f4fPjFDTjcC9vbRfB4UQ==",
      "cpu": [
        "ia32"
      ],
      "dev": true,
      "license": "MIT",
      "optional": true,
      "os": [
        "openbsd"
      ],
      "funding": {
        "url": "https://liberapay.com/Koromix"
      }
    },
    "node_modules/@koromix/koffi-openbsd-x64": {
      "version": "3.2.0",
      "resolved": "https://registry.npmjs.org/@koromix/koffi-openbsd-x64/-/koffi-openbsd-x64-3.2.0.tgz",
      "integrity": "sha512-YJG4kCycHD5IGyCF6oJpHaSJ+j5rB1Y8DRHPW1M6gdYHvVd0kiDwLvKzSgAJ3l15KI5+wXalVZtugvV+1DaIPw==",
      "cpu": [
        "x64"
      ],
      "dev": true,
      "license": "MIT",
      "optional": true,
      "os": [
        "openbsd"
      ],
      "funding": {
        "url": "https://liberapay.com/Koromix"
      }
    },
    "node_modules/@koromix/koffi-win32-arm64": {
      "version": "3.2.0",
      "resolved": "https://registry.npmjs.org/@koromix/koffi-win32-arm64/-/koffi-win32-arm64-3.2.0.tgz",
      "integrity": "sha512-PnbLrDVyxdQdJJItUSgBPMH0BAvTqCDjNT0XmIZv2qdKV1TVqfMTYMhjfJKWrRfkXDPExJyhjTBdAidQGwuUPQ==",
      "cpu": [
        "arm64"
      ],
      "dev": true,
      "license": "MIT",
      "optional": true,
      "os": [
        "win32"
      ],
      "funding": {
        "url": "https://liberapay.com/Koromix"
      }
    },
    "node_modules/@koromix/koffi-win32-ia32": {
      "version": "3.2.0",
      "resolved": "https://registry.npmjs.org/@koromix/koffi-win32-ia32/-/koffi-win32-ia32-3.2.0.tgz",
      "integrity": "sha512-d14KDZxJsK/nGK4Rb6jc4J76JLQztesVbRkbpKXEpvy4MxCrgFXwe5DTMP3nD4CRTmOGe9FzRfphAQBm9Dbkig==",
      "cpu": [
        "ia32"
      ],
      "dev": true,
      "license": "MIT",
      "optional": true,
      "os": [
        "win32"
      ],
      "funding": {
        "url": "https://liberapay.com/Koromix"
      }
    },
    "node_modules/@koromix/koffi-win32-x64": {
      "version": "3.2.0",
      "resolved": "https://registry.npmjs.org/@koromix/koffi-win32-x64/-/koffi-win32-x64-3.2.0.tgz",
      "integrity": "sha512-09p81HVKDsLXkyMRrLQzsFtCjdcFgbRW765roAu5iChHj4gfWVrGDdvtBldc1BulIEgH1/gRwa2E4vEtW3/hlw==",
      "cpu": [
        "x64"
      ],
      "dev": true,
      "license": "MIT",
      "optional": true,
      "os": [
        "win32"
      ],
      "funding": {
        "url": "https://liberapay.com/Koromix"
      }
    },
    "node_modules/@yuuang/ffi-rs-android-arm64": {
      "version": "1.3.7",
      "resolved": "https://registry.npmjs.org/@yuuang/ffi-rs-android-arm64/-/ffi-rs-android-arm64-1.3.7.tgz",
      "integrity": "sha512-t6Wx3Xll6c07Nuk0k3xnZsxKFxlshm92i0U/BiTHc6kQbvu+fMJF+gKsj4yEj886jH51CM3EqZT9Xdhq9CdUVw==",
      "cpu": [
        "arm64"
      ],
      "dev": true,
      "license": "MIT",
      "optional": true,
      "os": [
        "android"
      ],
      "engines": {
        "node": ">= 12"
      }
    },
    "node_modules/@yuuang/ffi-rs-darwin-arm64": {
      "version": "1.3.7",
      "resolved": "https://registry.npmjs.org/@yuuang/ffi-rs-darwin-arm64/-/ffi-rs-darwin-arm64-1.3.7.tgz",
      "integrity": "sha512-OueBlUFBT9IwD9pQnoYs0UszRBEySskfrEPXXfvKfGjL/DXnfn6kUheQ3oIP6sSmshVGNQUwrTCPo6feAa4QjA==",
      "cpu": [
        "arm64"
      ],
      "dev": true,
      "license": "MIT",
      "optional": true,
      "os": [
        "darwin"
      ],
      "engines": {
        "node": ">= 12"
      }
    },
    "node_modules/@yuuang/ffi-rs-darwin-x64": {
      "version": "1.3.7",
      "resolved": "https://registry.npmjs.org/@yuuang/ffi-rs-darwin-x64/-/ffi-rs-darwin-x64-1.3.7.tgz",
      "integrity": "sha512-x4mxXOKwSgwYx6OBAKrW+Ocp8um2KoPpUwaD0Z2tmR6EekoRvFGN7s/eEK1avqCxcsLN7/MzGOnCCFyGpOVfPA==",
      "cpu": [
        "x64"
      ],
      "dev": true,
      "license": "MIT",
      "optional": true,
      "os": [
        "darwin"
      ],
      "engines": {
        "node": ">= 12"
      }
    },
    "node_modules/@yuuang/ffi-rs-linux-arm-gnueabihf": {
      "version": "1.3.7",
      "resolved": "https://registry.npmjs.org/@yuuang/ffi-rs-linux-arm-gnueabihf/-/ffi-rs-linux-arm-gnueabihf-1.3.7.tgz",
      "integrity": "sha512-9r//Z022QYVoIAY458Dpk8HWkisk/y4NJC3d52RlkdsLD+9p0zn0cKKSoMF/xUsOWDFSmOf+cwU/Xadi/wxFMQ==",
      "cpu": [
        "arm"
      ],
      "dev": true,
      "license": "MIT",
      "optional": true,
      "os": [
        "linux"
      ],
      "engines": {
        "node": ">= 12"
      }
    },
    "node_modules/@yuuang/ffi-rs-linux-arm64-gnu": {
      "version": "1.3.7",
      "resolved": "https://registry.npmjs.org/@yuuang/ffi-rs-linux-arm64-gnu/-/ffi-rs-linux-arm64-gnu-1.3.7.tgz",
      "integrity": "sha512-nrW4MlFlyQInfxTsI5wtcIpbV4KlHLWo2BCk4CHIETlUT+PUspNFqDg+Byy7My3hpCZlXp0WsMVP/3N0LlybNw==",
      "cpu": [
        "arm64"
      ],
      "dev": true,
      "license": "MIT",
      "optional": true,
      "os": [
        "linux"
      ],
      "engines": {
        "node": ">= 12"
      }
    },
    "node_modules/@yuuang/ffi-rs-linux-arm64-musl": {
      "version": "1.3.7",
      "resolved": "https://registry.npmjs.org/@yuuang/ffi-rs-linux-arm64-musl/-/ffi-rs-linux-arm64-musl-1.3.7.tgz",
      "integrity": "sha512-eLLx4P8DzNnuPif19nAvKPaf88lSf6KFbDetH3nAIRZvI495h0jigN835Ayr7uAADssohGfO9MPMH33DXmFErA==",
      "cpu": [
        "arm64"
      ],
      "dev": true,
      "license": "MIT",
      "optional": true,
      "os": [
        "linux"
      ],
      "engines": {
        "node": ">= 12"
      }
    },
    "node_modules/@yuuang/ffi-rs-linux-x64-gnu": {
      "version": "1.3.7",
      "resolved": "https://registry.npmjs.org/@yuuang/ffi-rs-linux-x64-gnu/-/ffi-rs-linux-x64-gnu-1.3.7.tgz",
      "integrity": "sha512-upEz1Q98T51x2In872fsjgHCJbE3e8r9JxhJD+5NvSMk6BpieYWRodTbsMxV6oKWmfl12loKwF2j4OBSWKl0lA==",
      "cpu": [
        "x64"
      ],
      "dev": true,
      "license": "MIT",
      "optional": true,
      "os": [
        "linux"
      ],
      "engines": {
        "node": ">= 12"
      }
    },
    "node_modules/@yuuang/ffi-rs-linux-x64-musl": {
      "version": "1.3.7",
      "resolved": "https://registry.npmjs.org/@yuuang/ffi-rs-linux-x64-musl/-/ffi-rs-linux-x64-musl-1.3.7.tgz",
      "integrity": "sha512-YOcOkIwVvIhpwuGJ428h15vpE0KnT3teFG0g2J31FrBxrVh9IH4HeTGXjelI3l9SI5gyiZDnD4PQnQ1U6oqTcA==",
      "cpu": [
        "x64"
      ],
      "dev": true,
      "license": "MIT",
      "optional": true,
      "os": [
        "linux"
      ],
      "engines": {
        "node": ">= 12"
      }
    },
    "node_modules/@yuuang/ffi-rs-win32-arm64-msvc": {
      "version": "1.3.7",
      "resolved": "https://registry.npmjs.org/@yuuang/ffi-rs-win32-arm64-msvc/-/ffi-rs-win32-arm64-msvc-1.3.7.tgz",
      "integrity": "sha512-ZfYzLV1w7Mhzh9XRScEMpw9oazIEiwO+0+TYHHRL882d5oD0Q99YikmRhdifsoHCCQefKmWF/4BXCeFkzg8NFA==",
      "cpu": [
        "arm64"
      ],
      "dev": true,
      "license": "MIT",
      "optional": true,
      "os": [
        "win32"
      ],
      "engines": {
        "node": ">= 12"
      }
    },
    "node_modules/@yuuang/ffi-rs-win32-ia32-msvc": {
      "version": "1.3.7",
      "resolved": "https://registry.npmjs.org/@yuuang/ffi-rs-win32-ia32-msvc/-/ffi-rs-win32-ia32-msvc-1.3.7.tgz",
      "integrity": "sha512-ifYz+f+giKpT39lKWDru+om6QnA9J7J953ns60xHgB46ESZvPd/Y2W5+PesRNC9U+vnFEiLZ9CNC+R3fBWC1pg==",
      "cpu": [
        "x64",
        "ia32"
      ],
      "dev": true,
      "license": "MIT",
      "optional": true,
      "os": [
        "win32"
      ],
      "engines": {
        "node": ">= 12"
      }
    },
    "node_modules/@yuuang/ffi-rs-win32-x64-msvc": {
      "version": "1.3.7",
      "resolved": "https://registry.npmjs.org/@yuuang/ffi-rs-win32-x64-msvc/-/ffi-rs-win32-x64-msvc-1.3.7.tgz",
      "integrity": "sha512-H3s4wOLtZtKtmuPjUNE+bhnSKxxpXcuxG70jRC8dUMHqIm5iCvdoZ4XYDeq7/uUYlySerXFmRL4dAVCX/TUNTg==",
      "cpu": [
        "x64"
      ],
      "dev": true,
      "license": "MIT",
      "optional": true,
      "os": [
        "win32"
      ],
      "engines": {
        "node": ">= 12"
      }
    },
    "node_modules/adm-zip": {
      "version": "0.6.1",
      "resolved": "https://registry.npmjs.org/adm-zip/-/adm-zip-0.6.1.tgz",
      "integrity": "sha512-Xwrja8nx9e5o2N1my4DsKCeKpdrnACyr1wtbPxBDgGzKzKyE9kRtBFA8mWldI+RVlD7CBZNWY/wQ2+ydwOR6kQ==",
      "dev": true,
      "license": "MIT",
      "engines": {
        "node": ">=14.0"
      }
    },
    "node_modules/ffi-rs": {
      "version": "1.3.7",
      "resolved": "https://registry.npmjs.org/ffi-rs/-/ffi-rs-1.3.7.tgz",
      "integrity": "sha512-5MMZQS2t/6f/ec3sx0f51gBcKGZPGfolPAW04lvLOSYnr7gmOKs8YzH1Rh+34WGO+VtcgcTuxaUUoJLcR4Tirg==",
      "dev": true,
      "license": "MIT",
      "optionalDependencies": {
        "@yuuang/ffi-rs-android-arm64": "1.3.7",
        "@yuuang/ffi-rs-darwin-arm64": "1.3.7",
        "@yuuang/ffi-rs-darwin-x64": "1.3.7",
        "@yuuang/ffi-rs-linux-arm-gnueabihf": "1.3.7",
        "@yuuang/ffi-rs-linux-arm64-gnu": "1.3.7",
        "@yuuang/ffi-rs-linux-arm64-musl": "1.3.7",
        "@yuuang/ffi-rs-linux-x64-gnu": "1.3.7",
        "@yuuang/ffi-rs-linux-x64-musl": "1.3.7",
        "@yuuang/ffi-rs-win32-arm64-msvc": "1.3.7",
        "@yuuang/ffi-rs-win32-ia32-msvc": "1.3.7",
        "@yuuang/ffi-rs-win32-x64-msvc": "1.3.7"
      }
    },
    "node_modules/koffi": {
      "version": "3.2.0",
      "resolved": "https://registry.npmjs.org/koffi/-/koffi-3.2.0.tgz",
      "integrity": "sha512-U/7o2QkSGt28UE+74mQyLOdMxUIos9N2RrSwHFcXYLyb1hK1HukSYFQ3RxaEypcWbKUL+JbMheBxGuFn8PRk9w==",
      "dev": true,
      "hasInstallScript": true,
      "license": "MIT",
      "funding": {
        "url": "https://liberapay.com/Koromix"
      },
      "optionalDependencies": {
        "@koromix/koffi-darwin-arm64": "3.2.0",
        "@koromix/koffi-darwin-x64": "3.2.0",
        "@koromix/koffi-freebsd-arm64": "3.2.0",
        "@koromix/koffi-freebsd-ia32": "3.2.0",
        "@koromix/koffi-freebsd-x64": "3.2.0",
        "@koromix/koffi-linux-arm": "3.2.0",
        "@koromix/koffi-linux-arm64": "3.2.0",
        "@koromix/koffi-linux-ia32": "3.2.0",
        "@koromix/koffi-linux-loong64": "3.2.0",
        "@koromix/koffi-linux-riscv64": "3.2.0",
        "@koromix/koffi-linux-x64": "3.2.0",
        "@koromix/koffi-openbsd-ia32": "3.2.0",
        "@koromix/koffi-openbsd-x64": "3.2.0",
        "@koromix/koffi-win32-arm64": "3.2.0",
        "@koromix/koffi-win32-ia32": "3.2.0",
        "@koromix/koffi-win32-x64": "3.2.0"
      }
    }
  }
}
